# This file was autogenerated by Stack.
# You should not edit this file by hand.
# For more information, please see the documentation at:
#   https://docs.haskellstack.org/en/stable/lock_files

packages:
- completed:
    hackage: hakyll-4.9.1.0@sha256:ede611ac5d8b2cb179fbfb7d03e9b7d0d6a3ac7517064536537092da656ecc86,9348
    pantry-tree:
      size: 7173
      sha256: 42b0d906d87fc274993ee9a4409cb705daa6dd3df59073199a62e9eef0483181
  original:
    hackage: hakyll-4.9.1.0
snapshots:
- completed:
    size: 421254
    url: https://raw.githubusercontent.com/commercialhaskell/stackage-snapshots/master/lts/7/8.yaml
    sha256: 6c23440fac4e17615e869c98e7c4bd40ce4a4333a95da82d2176ab598d5db63f
  original: lts-7.8
